
Microsoft Visual Studio Solution File, Format Version 12.00
# Visual Studio Version 16
VisualStudioVersion = 16.0.30225.117
MinimumVisualStudioVersion = 10.0.40219.1
Project("{FAE04EC0-301F-11D3-BF4B-00C04F79EFBC}") = "Projeto-teste", "Projeto-teste\Projeto-teste.csproj", "{491B5075-DDBB-4282-874E-5044AD2342B4}"
EndProject
Global
	GlobalSection(SolutionConfigurationPlatforms) = preSolution
		Debug|Any CPU = Debug|Any CPU
		Release|Any CPU = Release|Any CPU
	EndGlobalSection
	GlobalSection(ProjectConfigurationPlatforms) = postSolution
		{491B5075-DDBB-4282-874E-5044AD2342B4}.Debug|Any CPU.ActiveCfg = Debug|Any CPU
		{491B5075-DDBB-4282-874E-5044AD2342B4}.Debug|Any CPU.Build.0 = Debug|Any CPU
		{491B5075-DDBB-4282-874E-5044AD2342B4}.Release|Any CPU.ActiveCfg = Release|Any CPU
		{491B5075-DDBB-4282-874E-5044AD2342B4}.Release|Any CPU.Build.0 = Release|Any CPU
	EndGlobalSection
	GlobalSection(SolutionProperties) = preSolution
		HideSolutionNode = FALSE
	EndGlobalSection
	GlobalSection(ExtensibilityGlobals) = postSolution
		SolutionGuid = {E5DDF822-BBF9-41C6-87CE-455CA5FFEED7}
	EndGlobalSection
EndGlobal
